PODS:
  - Horadric (0.0.4)
  - WebPod (0.0.1)

DEPENDENCIES:
  - Horadric (from `../`)
  - WebPod (from `../WebPod`)

EXTERNAL SOURCES:
  Horadric:
    :path: "../"
  WebPod:
    :path: "../WebPod"

SPEC CHECKSUMS:
  Horadric: c3818918edfd8d96ff14ae5790873491ab9b3d7a
  WebPod: 1590c1bfb57a84adae7046058e7655c74160f948

COCOAPODS: 0.38.2
