// !$*UTF8*$!
{
	archiveVersion = 1;
	classes = {
	};
	objectVersion = 46;
	objects = {

/* Begin PBXBuildFile section */
		D7FF02D81B648D8C00EEFA1B /* AppDelegate.swift in Sources */ = {isa = PBXBuildFile; fileRef = D7FF02D71B648D8C00EEFA1B /* AppDelegate.swift */; };
		D7FF02DA1B648D8C00EEFA1B /* ViewController.swift in Sources */ = {isa = PBXBuildFile; fileRef = D7FF02D91B648D8C00EEFA1B /* ViewController.swift */; };
		D7FF02DD1B648D8C00EEFA1B /* Main.storyboard in Resources */ = {isa = PBXBuildFile; fileRef = D7FF02DB1B648D8C00EEFA1B /* Main.storyboard */; };
		D7FF02DF1B648D8C00EEFA1B /* Images.xcassets in Resources */ = {isa = PBXBuildFile; fileRef = D7FF02DE1B648D8C00EEFA1B /* Images.xcassets */; };
		D7FF02E21B648D8C00EEFA1B /* LaunchScreen.xib in Resources */ = {isa = PBXBuildFile; fileRef = D7FF02E01B648D8C00EEFA1B /* LaunchScreen.xib */; };
		D7FF02EE1B648D8C00EEFA1B /* ExampleTests.swift in Sources */ = {isa = PBXBuildFile; fileRef = D7FF02ED1B648D8C00EEFA1B /* ExampleTests.swift */; };
		D7FF03291B648E8700EEFA1B /* Horadric.framework in Copy Frameworks */ = {isa = PBXBuildFile; fileRef = D7FF03251B648E5200EEFA1B /* Horadric.framework */; settings = {ATTRIBUTES = (CodeSignOnCopy, RemoveHeadersOnCopy, ); }; };
/* End PBXBuildFile section */

/* Begin PBXContainerItemProxy section */
		D7FF02E81B648D8C00EEFA1B /* PBXContainerItemProxy */ = {
			isa = PBXContainerItemProxy;
			containerPortal = D7FF02CA1B648D8C00EEFA1B /* Project object */;
			proxyType = 1;
			remoteGlobalIDString = D7FF02D11B648D8C00EEFA1B;
			remoteInfo = Example;
		};
		D7FF03241B648E5200EEFA1B /* PBXContainerItemProxy */ = {
			isa = PBXContainerItemProxy;
			containerPortal = D7FF031F1B648E5200EEFA1B /* Horadric.xcodeproj */;
			proxyType = 2;
			remoteGlobalIDString = D7FF03011B648DCC00EEFA1B;
			remoteInfo = Horadric;
		};
		D7FF03261B648E5200EEFA1B /* PBXContainerItemProxy */ = {
			isa = PBXContainerItemProxy;
			containerPortal = D7FF031F1B648E5200EEFA1B /* Horadric.xcodeproj */;
			proxyType = 2;
			remoteGlobalIDString = D7FF030C1B648DCC00EEFA1B;
			remoteInfo = HoradricTests;
		};
		D7FF032A1B648E8C00EEFA1B /* PBXContainerItemProxy */ = {
			isa = PBXContainerItemProxy;
			containerPortal = D7FF031F1B648E5200EEFA1B /* Horadric.xcodeproj */;
			proxyType = 1;
			remoteGlobalIDString = D7FF03001B648DCC00EEFA1B;
			remoteInfo = Horadric;
		};
/* End PBXContainerItemProxy section */

/* Begin PBXCopyFilesBuildPhase section */
		D7FF03281B648E6900EEFA1B /* Copy Frameworks */ = {
			isa = PBXCopyFilesBuildPhase;
			buildActionMask = 2147483647;
			dstPath = "";
			dstSubfolderSpec = 10;
			files = (
				D7FF03291B648E8700EEFA1B /* Horadric.framework in Copy Frameworks */,
			);
			name = "Copy Frameworks";
			runOnlyForDeploymentPostprocessing = 0;
		};
/* End PBXCopyFilesBuildPhase section */

/* Begin PBXFileReference section */
		D7FF02D21B648D8C00EEFA1B /* Example.app */ = {isa = PBXFileReference; explicitFileType = wrapper.application; includeInIndex = 0; path = Example.app; sourceTree = BUILT_PRODUCTS_DIR; };
		D7FF02D61B648D8C00EEFA1B /* Info.plist */ = {isa = PBXFileReference; lastKnownFileType = text.plist.xml; path = Info.plist; sourceTree = "<group>"; };
		D7FF02D71B648D8C00EEFA1B /* AppDelegate.swift */ = {isa = PBXFileReference; lastKnownFileType = sourcecode.swift; path = AppDelegate.swift; sourceTree = "<group>"; };
		D7FF02D91B648D8C00EEFA1B /* ViewController.swift */ = {isa = PBXFileReference; lastKnownFileType = sourcecode.swift; path = ViewController.swift; sourceTree = "<group>"; };
		D7FF02DC1B648D8C00EEFA1B /* Base */ = {isa = PBXFileReference; lastKnownFileType = file.storyboard; name = Base; path = Base.lproj/Main.storyboard; sourceTree = "<group>"; };
		D7FF02DE1B648D8C00EEFA1B /* Images.xcassets */ = {isa = PBXFileReference; lastKnownFileType = folder.assetcatalog; path = Images.xcassets; sourceTree = "<group>"; };
		D7FF02E11B648D8C00EEFA1B /* Base */ = {isa = PBXFileReference; lastKnownFileType = file.xib; name = Base; path = Base.lproj/LaunchScreen.xib; sourceTree = "<group>"; };
		D7FF02E71B648D8C00EEFA1B /* ExampleTests.xctest */ = {isa = PBXFileReference; explicitFileType = wrapper.cfbundle; includeInIndex = 0; path = ExampleTests.xctest; sourceTree = BUILT_PRODUCTS_DIR; };
		D7FF02EC1B648D8C00EEFA1B /* Info.plist */ = {isa = PBXFileReference; lastKnownFileType = text.plist.xml; path = Info.plist; sourceTree = "<group>"; };
		D7FF02ED1B648D8C00EEFA1B /* ExampleTests.swift */ = {isa = PBXFileReference; lastKnownFileType = sourcecode.swift; path = ExampleTests.swift; sourceTree = "<group>"; };
		D7FF031F1B648E5200EEFA1B /* Horadric.xcodeproj */ = {isa = PBXFileReference; lastKnownFileType = "wrapper.pb-project"; name = Horadric.xcodeproj; path = ../Horadric/Horadric.xcodeproj; sourceTree = "<group>"; };
/* End PBXFileReference section */

/* Begin PBXFrameworksBuildPhase section */
		D7FF02CF1B648D8C00EEFA1B /* Frameworks */ = {
			isa = PBXFrameworksBuildPhase;
			buildActionMask = 2147483647;
			files = (
			);
			runOnlyForDeploymentPostprocessing = 0;
		};
		D7FF02E41B648D8C00EEFA1B /* Frameworks */ = {
			isa = PBXFrameworksBuildPhase;
			buildActionMask = 2147483647;
			files = (
			);
			runOnlyForDeploymentPostprocessing = 0;
		};
/* End PBXFrameworksBuildPhase section */

/* Begin PBXGroup section */
		D7FF02C91B648D8C00EEFA1B = {
			isa = PBXGroup;
			children = (
				D7FF031F1B648E5200EEFA1B /* Horadric.xcodeproj */,
				D7FF02D41B648D8C00EEFA1B /* Example */,
				D7FF02EA1B648D8C00EEFA1B /* ExampleTests */,
				D7FF02D31B648D8C00EEFA1B /* Products */,
			);
			sourceTree = "<group>";
		};
		D7FF02D31B648D8C00EEFA1B /* Products */ = {
			isa = PBXGroup;
			children = (
				D7FF02D21B648D8C00EEFA1B /* Example.app */,
				D7FF02E71B648D8C00EEFA1B /* ExampleTests.xctest */,
			);
			name = Products;
			sourceTree = "<group>";
		};
		D7FF02D41B648D8C00EEFA1B /* Example */ = {
			isa = PBXGroup;
			children = (
				D7FF02D71B648D8C00EEFA1B /* AppDelegate.swift */,
				D7FF02D91B648D8C00EEFA1B /* ViewController.swift */,
				D7FF02DB1B648D8C00EEFA1B /* Main.storyboard */,
				D7FF02DE1B648D8C00EEFA1B /* Images.xcassets */,
				D7FF02E01B648D8C00EEFA1B /* LaunchScreen.xib */,
				D7FF03341B64906600EEFA1B /* Resources */,
				D7FF02D51B648D8C00EEFA1B /* Supporting Files */,
			);
			path = Example;
			sourceTree = "<group>";
		};
		D7FF02D51B648D8C00EEFA1B /* Supporting Files */ = {
			isa = PBXGroup;
			children = (
				D7FF02D61B648D8C00EEFA1B /* Info.plist */,
			);
			name = "Supporting Files";
			sourceTree = "<group>";
		};
		D7FF02EA1B648D8C00EEFA1B /* ExampleTests */ = {
			isa = PBXGroup;
			children = (
				D7FF02ED1B648D8C00EEFA1B /* ExampleTests.swift */,
				D7FF02EB1B648D8C00EEFA1B /* Supporting Files */,
			);
			path = ExampleTests;
			sourceTree = "<group>";
		};
		D7FF02EB1B648D8C00EEFA1B /* Supporting Files */ = {
			isa = PBXGroup;
			children = (
				D7FF02EC1B648D8C00EEFA1B /* Info.plist */,
			);
			name = "Supporting Files";
			sourceTree = "<group>";
		};
		D7FF03201B648E5200EEFA1B /* Products */ = {
			isa = PBXGroup;
			children = (
				D7FF03251B648E5200EEFA1B /* Horadric.framework */,
				D7FF03271B648E5200EEFA1B /* HoradricTests.xctest */,
			);
			name = Products;
			sourceTree = "<group>";
		};
		D7FF03341B64906600EEFA1B /* Resources */ = {
			isa = PBXGroup;
			children = (
			);
			name = Resources;
			sourceTree = "<group>";
		};
/* End PBXGroup section */

/* Begin PBXNativeTarget section */
		D7FF02D11B648D8C00EEFA1B /* Example */ = {
			isa = PBXNativeTarget;
			buildConfigurationList = D7FF02F11B648D8C00EEFA1B /* Build configuration list for PBXNativeTarget "Example" */;
			buildPhases = (
				D7FF02CE1B648D8C00EEFA1B /* Sources */,
				D7FF02CF1B648D8C00EEFA1B /* Frameworks */,
				D7FF02D01B648D8C00EEFA1B /* Resources */,
				D7FF03281B648E6900EEFA1B /* Copy Frameworks */,
			);
			buildRules = (
			);
			dependencies = (
				D7FF032B1B648E8C00EEFA1B /* PBXTargetDependency */,
			);
			name = Example;
			productName = Example;
			productReference = D7FF02D21B648D8C00EEFA1B /* Example.app */;
			productType = "com.apple.product-type.application";
		};
		D7FF02E61B648D8C00EEFA1B /* ExampleTests */ = {
			isa = PBXNativeTarget;
			buildConfigurationList = D7FF02F41B648D8C00EEFA1B /* Build configuration list for PBXNativeTarget "ExampleTests" */;
			buildPhases = (
				D7FF02E31B648D8C00EEFA1B /* Sources */,
				D7FF02E41B648D8C00EEFA1B /* Frameworks */,
				D7FF02E51B648D8C00EEFA1B /* Resources */,
			);
			buildRules = (
			);
			dependencies = (
				D7FF02E91B648D8C00EEFA1B /* PBXTargetDependency */,
			);
			name = ExampleTests;
			productName = ExampleTests;
			productReference = D7FF02E71B648D8C00EEFA1B /* ExampleTests.xctest */;
			productType = "com.apple.product-type.bundle.unit-test";
		};
/* End PBXNativeTarget section */

/* Begin PBXProject section */
		D7FF02CA1B648D8C00EEFA1B /* Project object */ = {
			isa = PBXProject;
			attributes = {
				LastSwiftUpdateCheck = 0700;
				LastUpgradeCheck = 0640;
				ORGANIZATIONNAME = Prismatik;
				TargetAttributes = {
					D7FF02D11B648D8C00EEFA1B = {
						CreatedOnToolsVersion = 6.4;
					};
					D7FF02E61B648D8C00EEFA1B = {
						CreatedOnToolsVersion = 6.4;
						TestTargetID = D7FF02D11B648D8C00EEFA1B;
					};
				};
			};
			buildConfigurationList = D7FF02CD1B648D8C00EEFA1B /* Build configuration list for PBXProject "Example" */;
			compatibilityVersion = "Xcode 3.2";
			developmentRegion = English;
			hasScannedForEncodings = 0;
			knownRegions = (
				en,
				Base,
			);
			mainGroup = D7FF02C91B648D8C00EEFA1B;
			productRefGroup = D7FF02D31B648D8C00EEFA1B /* Products */;
			projectDirPath = "";
			projectReferences = (
				{
					ProductGroup = D7FF03201B648E5200EEFA1B /* Products */;
					ProjectRef = D7FF031F1B648E5200EEFA1B /* Horadric.xcodeproj */;
				},
			);
			projectRoot = "";
			targets = (
				D7FF02D11B648D8C00EEFA1B /* Example */,
				D7FF02E61B648D8C00EEFA1B /* ExampleTests */,
			);
		};
/* End PBXProject section */

/* Begin PBXReferenceProxy section */
		D7FF03251B648E5200EEFA1B /* Horadric.framework */ = {
			isa = PBXReferenceProxy;
			fileType = wrapper.framework;
			path = Horadric.framework;
			remoteRef = D7FF03241B648E5200EEFA1B /* PBXContainerItemProxy */;
			sourceTree = BUILT_PRODUCTS_DIR;
		};
		D7FF03271B648E5200EEFA1B /* HoradricTests.xctest */ = {
			isa = PBXReferenceProxy;
			fileType = wrapper.cfbundle;
			path = HoradricTests.xctest;
			remoteRef = D7FF03261B648E5200EEFA1B /* PBXContainerItemProxy */;
			sourceTree = BUILT_PRODUCTS_DIR;
		};
/* End PBXReferenceProxy section */

/* Begin PBXResourcesBuildPhase section */
		D7FF02D01B648D8C00EEFA1B /* Resources */ = {
			isa = PBXResourcesBuildPhase;
			buildActionMask = 2147483647;
			files = (
				D7FF02DD1B648D8C00EEFA1B /* Main.storyboard in Resources */,
				D7FF02E21B648D8C00EEFA1B /* LaunchScreen.xib in Resources */,
				D7FF02DF1B648D8C00EEFA1B /* Images.xcassets in Resources */,
			);
			runOnlyForDeploymentPostprocessing = 0;
		};
		D7FF02E51B648D8C00EEFA1B /* Resources */ = {
			isa = PBXResourcesBuildPhase;
			buildActionMask = 2147483647;
			files = (
			);
			runOnlyForDeploymentPostprocessing = 0;
		};
/* End PBXResourcesBuildPhase section */

/* Begin PBXSourcesBuildPhase section */
		D7FF02CE1B648D8C00EEFA1B /* Sources */ = {
			isa = PBXSourcesBuildPhase;
			buildActionMask = 2147483647;
			files = (
				D7FF02DA1B648D8C00EEFA1B /* ViewController.swift in Sources */,
				D7FF02D81B648D8C00EEFA1B /* AppDelegate.swift in Sources */,
			);
			runOnlyForDeploymentPostprocessing = 0;
		};
		D7FF02E31B648D8C00EEFA1B /* Sources */ = {
			isa = PBXSourcesBuildPhase;
			buildActionMask = 2147483647;
			files = (
				D7FF02EE1B648D8C00EEFA1B /* ExampleTests.swift in Sources */,
			);
			runOnlyForDeploymentPostprocessing = 0;
		};
/* End PBXSourcesBuildPhase section */

/* Begin PBXTargetDependency section */
		D7FF02E91B648D8C00EEFA1B /* PBXTargetDependency */ = {
			isa = PBXTargetDependency;
			target = D7FF02D11B648D8C00EEFA1B /* Example */;
			targetProxy = D7FF02E81B648D8C00EEFA1B /* PBXContainerItemProxy */;
		};
		D7FF032B1B648E8C00EEFA1B /* PBXTargetDependency */ = {
			isa = PBXTargetDependency;
			name = Horadric;
			targetProxy = D7FF032A1B648E8C00EEFA1B /* PBXContainerItemProxy */;
		};
/* End PBXTargetDependency section */

/* Begin PBXVariantGroup section */
		D7FF02DB1B648D8C00EEFA1B /* Main.storyboard */ = {
			isa = PBXVariantGroup;
			children = (
				D7FF02DC1B648D8C00EEFA1B /* Base */,
			);
			name = Main.storyboard;
			sourceTree = "<group>";
		};
		D7FF02E01B648D8C00EEFA1B /* LaunchScreen.xib */ = {
			isa = PBXVariantGroup;
			children = (
				D7FF02E11B648D8C00EEFA1B /* Base */,
			);
			name = LaunchScreen.xib;
			sourceTree = "<group>";
		};
/* End PBXVariantGroup section */

/* Begin XCBuildConfiguration section */
		D7FF02EF1B648D8C00EEFA1B /* Debug */ = {
			isa = XCBuildConfiguration;
			buildSettings = {
				ALWAYS_SEARCH_USER_PATHS = NO;
				CLANG_CXX_LANGUAGE_STANDARD = "gnu++0x";
				CLANG_CXX_LIBRARY = "libc++";
				CLANG_ENABLE_MODULES = YES;
				CLANG_ENABLE_OBJC_ARC = YES;
				CLANG_WARN_BOOL_CONVERSION = YES;
				CLANG_WARN_CONSTANT_CONVERSION = YES;
				CLANG_WARN_DIRECT_OBJC_ISA_USAGE = YES_ERROR;
				CLANG_WARN_EMPTY_BODY = YES;
				CLANG_WARN_ENUM_CONVERSION = YES;
				CLANG_WARN_INT_CONVERSION = YES;
				CLANG_WARN_OBJC_ROOT_CLASS = YES_ERROR;
				CLANG_WARN_UNREACHABLE_CODE = YES;
				CLANG_WARN__DUPLICATE_METHOD_MATCH = YES;
				"CODE_SIGN_IDENTITY[sdk=iphoneos*]" = "iPhone Developer";
				COPY_PHASE_STRIP = NO;
				DEBUG_INFORMATION_FORMAT = "dwarf-with-dsym";
				ENABLE_STRICT_OBJC_MSGSEND = YES;
				GCC_C_LANGUAGE_STANDARD = gnu99;
				GCC_DYNAMIC_NO_PIC = NO;
				GCC_NO_COMMON_BLOCKS = YES;
				GCC_OPTIMIZATION_LEVEL = 0;
				GCC_PREPROCESSOR_DEFINITIONS = (
					"DEBUG=1",
					"$(inherited)",
				);
				GCC_SYMBOLS_PRIVATE_EXTERN = NO;
				GCC_WARN_64_TO_32_BIT_CONVERSION = YES;
				GCC_WARN_ABOUT_RETURN_TYPE = YES_ERROR;
				GCC_WARN_UNDECLARED_SELECTOR = YES;
				GCC_WARN_UNINITIALIZED_AUTOS = YES_AGGRESSIVE;
				GCC_WARN_UNUSED_FUNCTION = YES;
				GCC_WARN_UNUSED_VARIABLE = YES;
				IPHONEOS_DEPLOYMENT_TARGET = 8.4;
				MTL_ENABLE_DEBUG_INFO = YES;
				ONLY_ACTIVE_ARCH = YES;
				SDKROOT = iphoneos;
				SWIFT_OPTIMIZATION_LEVEL = "-Onone";
				TARGETED_DEVICE_FAMILY = "1,2";
			};
			name = Debug;
		};
		D7FF02F01B648D8C00EEFA1B /* Release */ = {
			isa = XCBuildConfiguration;
			buildSettings = {
				ALWAYS_SEARCH_USER_PATHS = NO;
				CLANG_CXX_LANGUAGE_STANDARD = "gnu++0x";
				CLANG_CXX_LIBRARY = "libc++";
				CLANG_ENABLE_MODULES = YES;
				CLANG_ENABLE_OBJC_ARC = YES;
				CLANG_WARN_BOOL_CONVERSION = YES;
				CLANG_WARN_CONSTANT_CONVERSION = YES;
				CLANG_WARN_DIRECT_OBJC_ISA_USAGE = YES_ERROR;
				CLANG_WARN_EMPTY_BODY = YES;
				CLANG_WARN_ENUM_CONVERSION = YES;
				CLANG_WARN_INT_CONVERSION = YES;
				CLANG_WARN_OBJC_ROOT_CLASS = YES_ERROR;
				CLANG_WARN_UNREACHABLE_CODE = YES;
				CLANG_WARN__DUPLICATE_METHOD_MATCH = YES;
				"CODE_SIGN_IDENTITY[sdk=iphoneos*]" = "iPhone Developer";
				COPY_PHASE_STRIP = NO;
				DEBUG_INFORMATION_FORMAT = "dwarf-with-dsym";
				ENABLE_NS_ASSERTIONS = NO;
				ENABLE_STRICT_OBJC_MSGSEND = YES;
				GCC_C_LANGUAGE_STANDARD = gnu99;
				GCC_NO_COMMON_BLOCKS = YES;
				GCC_WARN_64_TO_32_BIT_CONVERSION = YES;
				GCC_WARN_ABOUT_RETURN_TYPE = YES_ERROR;
				GCC_WARN_UNDECLARED_SELECTOR = YES;
				GCC_WARN_UNINITIALIZED_AUTOS = YES_AGGRESSIVE;
				GCC_WARN_UNUSED_FUNCTION = YES;
				GCC_WARN_UNUSED_VARIABLE = YES;
				IPHONEOS_DEPLOYMENT_TARGET = 8.4;
				MTL_ENABLE_DEBUG_INFO = NO;
				SDKROOT = iphoneos;
				TARGETED_DEVICE_FAMILY = "1,2";
				VALIDATE_PRODUCT = YES;
			};
			name = Release;
		};
		D7FF02F21B648D8C00EEFA1B /* Debug */ = {
			isa = XCBuildConfiguration;
			buildSettings = {
				ASSETCATALOG_COMPILER_APPICON_NAME = AppIcon;
				INFOPLIST_FILE = Example/Info.plist;
				IPHONEOS_DEPLOYMENT_TARGET = 8.0;
				LD_RUNPATH_SEARCH_PATHS = "$(inherited) @executable_path/Frameworks";
				PRODUCT_NAME = "$(TARGET_NAME)";
			};
			name = Debug;
		};
		D7FF02F31B648D8C00EEFA1B /* Release */ = {
			isa = XCBuildConfiguration;
			buildSettings = {
				ASSETCATALOG_COMPILER_APPICON_NAME = AppIcon;
				INFOPLIST_FILE = Example/Info.plist;
				IPHONEOS_DEPLOYMENT_TARGET = 8.0;
				LD_RUNPATH_SEARCH_PATHS = "$(inherited) @executable_path/Frameworks";
				PRODUCT_NAME = "$(TARGET_NAME)";
			};
			name = Release;
		};
		D7FF02F51B648D8C00EEFA1B /* Debug */ = {
			isa = XCBuildConfiguration;
			buildSettings = {
				BUNDLE_LOADER = "$(TEST_HOST)";
				FRAMEWORK_SEARCH_PATHS = (
					"$(SDKROOT)/Developer/Library/Frameworks",
					"$(inherited)",
				);
				GCC_PREPROCESSOR_DEFINITIONS = (
					"DEBUG=1",
					"$(inherited)",
				);
				INFOPLIST_FILE = ExampleTests/Info.plist;
				LD_RUNPATH_SEARCH_PATHS = "$(inherited) @executable_path/Frameworks @loader_path/Frameworks";
				PRODUCT_NAME = "$(TARGET_NAME)";
				TEST_HOST = "$(BUILT_PRODUCTS_DIR)/Example.app/Example";
			};
			name = Debug;
		};
		D7FF02F61B648D8C00EEFA1B /* Release */ = {
			isa = XCBuildConfiguration;
			buildSettings = {
				BUNDLE_LOADER = "$(TEST_HOST)";
				FRAMEWORK_SEARCH_PATHS = (
					"$(SDKROOT)/Developer/Library/Frameworks",
					"$(inherited)",
				);
				INFOPLIST_FILE = ExampleTests/Info.plist;
				LD_RUNPATH_SEARCH_PATHS = "$(inherited) @executable_path/Frameworks @loader_path/Frameworks";
				PRODUCT_NAME = "$(TARGET_NAME)";
				TEST_HOST = "$(BUILT_PRODUCTS_DIR)/Example.app/Example";
			};
			name = Release;
		};
/* End XCBuildConfiguration section */

/* Begin XCConfigurationList section */
		D7FF02CD1B648D8C00EEFA1B /* Build configuration list for PBXProject "Example" */ = {
			isa = XCConfigurationList;
			buildConfigurations = (
				D7FF02EF1B648D8C00EEFA1B /* Debug */,
				D7FF02F01B648D8C00EEFA1B /* Release */,
			);
			defaultConfigurationIsVisible = 0;
			defaultConfigurationName = Release;
		};
		D7FF02F11B648D8C00EEFA1B /* Build configuration list for PBXNativeTarget "Example" */ = {
			isa = XCConfigurationList;
			buildConfigurations = (
				D7FF02F21B648D8C00EEFA1B /* Debug */,
				D7FF02F31B648D8C00EEFA1B /* Release */,
			);
			defaultConfigurationIsVisible = 0;
			defaultConfigurationName = Release;
		};
		D7FF02F41B648D8C00EEFA1B /* Build configuration list for PBXNativeTarget "ExampleTests" */ = {
			isa = XCConfigurationList;
			buildConfigurations = (
				D7FF02F51B648D8C00EEFA1B /* Debug */,
				D7FF02F61B648D8C00EEFA1B /* Release */,
			);
			defaultConfigurationIsVisible = 0;
			defaultConfigurationName = Release;
		};
/* End XCConfigurationList section */
	};
	rootObject = D7FF02CA1B648D8C00EEFA1B /* Project object */;
}
